
Microsoft Visual Studio Solution File, Format Version 12.00
# Visual Studio Version 17
VisualStudioVersion = 17.3.32929.385
MinimumVisualStudioVersion = 10.0.40219.1
Project("{FAE04EC0-301F-11D3-BF4B-00C04F79EFBC}") = "Paint", "Paint.csproj", "{9355507A-3736-4766-B56D-083BB7983511}"
EndProject
Global
	GlobalSection(SolutionConfigurationPlatforms) = preSolution
		Debug|Any CPU = Debug|Any CPU
		Release|Any CPU = Release|Any CPU
	EndGlobalSection
	GlobalSection(ProjectConfigurationPlatforms) = postSolution
		{9355507A-3736-4766-B56D-083BB7983511}.Debug|Any CPU.ActiveCfg = Debug|Any CPU
		{9355507A-3736-4766-B56D-083BB7983511}.Debug|Any CPU.Build.0 = Debug|Any CPU
		{9355507A-3736-4766-B56D-083BB7983511}.Release|Any CPU.ActiveCfg = Release|Any CPU
		{9355507A-3736-4766-B56D-083BB7983511}.Release|Any CPU.Build.0 = Release|Any CPU
	EndGlobalSection
	GlobalSection(SolutionProperties) = preSolution
		HideSolutionNode = FALSE
	EndGlobalSection
	GlobalSection(ExtensibilityGlobals) = postSolution
		SolutionGuid = {C9252031-5AE9-4626-8730-F8595885C860}
	EndGlobalSection
EndGlobal
